// !$*UTF8*$!
{
	archiveVersion = 1;
	classes = {
	};
	objectVersion = 56;
	objects = {

/* Begin PBXBuildFile section */
		BB8CD7812A8FDB0B00676A11 /* AppDelegate.swift in Sources */ = {isa = PBXBuildFile; fileRef = BB8CD7802A8FDB0B00676A11 /* AppDelegate.swift */; };
		BB8CD7832A8FDB0B00676A11 /* SceneDelegate.swift in Sources */ = {isa = PBXBuildFile; fileRef = BB8CD7822A8FDB0B00676A11 /* SceneDelegate.swift */; };
		BB8CD7852A8FDB0B00676A11 /* ViewController.swift in Sources */ = {isa = PBXBuildFile; fileRef = BB8CD7842A8FDB0B00676A11 /* ViewController.swift */; };
		BB8CD78A2A8FDB0C00676A11 /* Assets.xcassets in Resources */ = {isa = PBXBuildFile; fileRef = BB8CD7892A8FDB0C00676A11 /* Assets.xcassets */; };
		BB8CD78D2A8FDB0C00676A11 /* LaunchScreen.storyboard in Resources */ = {isa = PBXBuildFile; fileRef = BB8CD78B2A8FDB0C00676A11 /* LaunchScreen.storyboard */; };
		BBBAB2D52A8FF0E30077ECAF /* AssemblyModuleBuilder.swift in Sources */ = {isa = PBXBuildFile; fileRef = BBBAB2D42A8FF0E30077ECAF /* AssemblyModuleBuilder.swift */; };
		BBBAB2D82A8FF3030077ECAF /* SkillModel.swift in Sources */ = {isa = PBXBuildFile; fileRef = BBBAB2D72A8FF3030077ECAF /* SkillModel.swift */; };
/* End PBXBuildFile section */

/* Begin PBXFileReference section */
		BB8CD77D2A8FDB0B00676A11 /* Mini CV.app */ = {isa = PBXFileReference; explicitFileType = wrapper.application; includeInIndex = 0; path = "Mini CV.app"; sourceTree = BUILT_PRODUCTS_DIR; };
		BB8CD7802A8FDB0B00676A11 /* AppDelegate.swift */ = {isa = PBXFileReference; lastKnownFileType = sourcecode.swift; path = AppDelegate.swift; sourceTree = "<group>"; };
		BB8CD7822A8FDB0B00676A11 /* SceneDelegate.swift */ = {isa = PBXFileReference; lastKnownFileType = sourcecode.swift; path = SceneDelegate.swift; sourceTree = "<group>"; };
		BB8CD7842A8FDB0B00676A11 /* ViewController.swift */ = {isa = PBXFileReference; lastKnownFileType = sourcecode.swift; path = ViewController.swift; sourceTree = "<group>"; };
		BB8CD7892A8FDB0C00676A11 /* Assets.xcassets */ = {isa = PBXFileReference; lastKnownFileType = folder.assetcatalog; path = Assets.xcassets; sourceTree = "<group>"; };
		BB8CD78C2A8FDB0C00676A11 /* Base */ = {isa = PBXFileReference; lastKnownFileType = file.storyboard; name = Base; path = Base.lproj/LaunchScreen.storyboard; sourceTree = "<group>"; };
		BB8CD78E2A8FDB0C00676A11 /* Info.plist */ = {isa = PBXFileReference; lastKnownFileType = text.plist.xml; path = Info.plist; sourceTree = "<group>"; };
		BBBAB2D42A8FF0E30077ECAF /* AssemblyModuleBuilder.swift */ = {isa = PBXFileReference; lastKnownFileType = sourcecode.swift; path = AssemblyModuleBuilder.swift; sourceTree = "<group>"; };
		BBBAB2D72A8FF3030077ECAF /* SkillModel.swift */ = {isa = PBXFileReference; lastKnownFileType = sourcecode.swift; path = SkillModel.swift; sourceTree = "<group>"; };
/* End PBXFileReference section */

/* Begin PBXFrameworksBuildPhase section */
		BB8CD77A2A8FDB0B00676A11 /* Frameworks */ = {
			isa = PBXFrameworksBuildPhase;
			buildActionMask = 2147483647;
			files = (
			);
			runOnlyForDeploymentPostprocessing = 0;
		};
/* End PBXFrameworksBuildPhase section */

/* Begin PBXGroup section */
		BB516FDD2A8FE24C00047BC5 /* Application */ = {
			isa = PBXGroup;
			children = (
				BB8CD7802A8FDB0B00676A11 /* AppDelegate.swift */,
				BB8CD7822A8FDB0B00676A11 /* SceneDelegate.swift */,
				BBBAB2D42A8FF0E30077ECAF /* AssemblyModuleBuilder.swift */,
			);
			path = Application;
			sourceTree = "<group>";
		};
		BB516FDE2A8FE25D00047BC5 /* Resources */ = {
			isa = PBXGroup;
			children = (
				BB8CD7892A8FDB0C00676A11 /* Assets.xcassets */,
				BB8CD78E2A8FDB0C00676A11 /* Info.plist */,
				BB8CD78B2A8FDB0C00676A11 /* LaunchScreen.storyboard */,
			);
			path = Resources;
			sourceTree = "<group>";
		};
		BB8CD7742A8FDB0B00676A11 = {
			isa = PBXGroup;
			children = (
				BB8CD77F2A8FDB0B00676A11 /* Mini CV */,
				BB8CD77E2A8FDB0B00676A11 /* Products */,
			);
			sourceTree = "<group>";
		};
		BB8CD77E2A8FDB0B00676A11 /* Products */ = {
			isa = PBXGroup;
			children = (
				BB8CD77D2A8FDB0B00676A11 /* Mini CV.app */,
			);
			name = Products;
			sourceTree = "<group>";
		};
		BB8CD77F2A8FDB0B00676A11 /* Mini CV */ = {
			isa = PBXGroup;
			children = (
				BB516FDE2A8FE25D00047BC5 /* Resources */,
				BB516FDD2A8FE24C00047BC5 /* Application */,
				BB8CD7842A8FDB0B00676A11 /* ViewController.swift */,
				BBBAB2D62A8FF2B80077ECAF /* Entities */,
			);
			path = "Mini CV";
			sourceTree = "<group>";
		};
		BBBAB2D62A8FF2B80077ECAF /* Entities */ = {
			isa = PBXGroup;
			children = (
				BBBAB2D72A8FF3030077ECAF /* SkillModel.swift */,
			);
			path = Entities;
			sourceTree = "<group>";
		};
/* End PBXGroup section */

/* Begin PBXNativeTarget section */
		BB8CD77C2A8FDB0B00676A11 /* Mini CV */ = {
			isa = PBXNativeTarget;
			buildConfigurationList = BB8CD7912A8FDB0C00676A11 /* Build configuration list for PBXNativeTarget "Mini CV" */;
			buildPhases = (
				BB8CD7792A8FDB0B00676A11 /* Sources */,
				BB8CD77A2A8FDB0B00676A11 /* Frameworks */,
				BB8CD77B2A8FDB0B00676A11 /* Resources */,
			);
			buildRules = (
			);
			dependencies = (
			);
			name = "Mini CV";
			productName = "Mini CV";
			productReference = BB8CD77D2A8FDB0B00676A11 /* Mini CV.app */;
			productType = "com.apple.product-type.application";
		};
/* End PBXNativeTarget section */

/* Begin PBXProject section */
		BB8CD7752A8FDB0B00676A11 /* Project object */ = {
			isa = PBXProject;
			attributes = {
				BuildIndependentTargetsInParallel = 1;
				LastSwiftUpdateCheck = 1430;
				LastUpgradeCheck = 1430;
				TargetAttributes = {
					BB8CD77C2A8FDB0B00676A11 = {
						CreatedOnToolsVersion = 14.3.1;
					};
				};
			};
			buildConfigurationList = BB8CD7782A8FDB0B00676A11 /* Build configuration list for PBXProject "Mini CV" */;
			compatibilityVersion = "Xcode 14.0";
			developmentRegion = en;
			hasScannedForEncodings = 0;
			knownRegions = (
				en,
				Base,
			);
			mainGroup = BB8CD7742A8FDB0B00676A11;
			productRefGroup = BB8CD77E2A8FDB0B00676A11 /* Products */;
			projectDirPath = "";
			projectRoot = "";
			targets = (
				BB8CD77C2A8FDB0B00676A11 /* Mini CV */,
			);
		};
/* End PBXProject section */

/* Begin PBXResourcesBuildPhase section */
		BB8CD77B2A8FDB0B00676A11 /* Resources */ = {
			isa = PBXResourcesBuildPhase;
			buildActionMask = 2147483647;
			files = (
				BB8CD78D2A8FDB0C00676A11 /* LaunchScreen.storyboard in Resources */,
				BB8CD78A2A8FDB0C00676A11 /* Assets.xcassets in Resources */,
			);
			runOnlyForDeploymentPostprocessing = 0;
		};
/* End PBXResourcesBuildPhase section */

/* Begin PBXSourcesBuildPhase section */
		BB8CD7792A8FDB0B00676A11 /* Sources */ = {
			isa = PBXSourcesBuildPhase;
			buildActionMask = 2147483647;
			files = (
				BB8CD7852A8FDB0B00676A11 /* ViewController.swift in Sources */,
				BB8CD7812A8FDB0B00676A11 /* AppDelegate.swift in Sources */,
				BB8CD7832A8FDB0B00676A11 /* SceneDelegate.swift in Sources */,
				BBBAB2D82A8FF3030077ECAF /* SkillModel.swift in Sources */,
				BBBAB2D52A8FF0E30077ECAF /* AssemblyModuleBuilder.swift in Sources */,
			);
			runOnlyForDeploymentPostprocessing = 0;
		};
/* End PBXSourcesBuildPhase section */

/* Begin PBXVariantGroup section */
		BB8CD78B2A8FDB0C00676A11 /* LaunchScreen.storyboard */ = {
			isa = PBXVariantGroup;
			children = (
				BB8CD78C2A8FDB0C00676A11 /* Base */,
			);
			name = LaunchScreen.storyboard;
			sourceTree = "<group>";
		};
/* End PBXVariantGroup section */

/* Begin XCBuildConfiguration section */
		BB8CD78F2A8FDB0C00676A11 /* Debug */ = {
			isa = XCBuildConfiguration;
			buildSettings = {
				ALWAYS_SEARCH_USER_PATHS = NO;
				CLANG_ANALYZER_NONNULL = YES;
				CLANG_ANALYZER_NUMBER_OBJECT_CONVERSION = YES_AGGRESSIVE;
				CLANG_CXX_LANGUAGE_STANDARD = "gnu++20";
				CLANG_ENABLE_MODULES = YES;
				CLANG_ENABLE_OBJC_ARC = YES;
				CLANG_ENABLE_OBJC_WEAK = YES;
				CLANG_WARN_BLOCK_CAPTURE_AUTORELEASING = YES;
				CLANG_WARN_BOOL_CONVERSION = YES;
				CLANG_WARN_COMMA = YES;
				CLANG_WARN_CONSTANT_CONVERSION = YES;
				CLANG_WARN_DEPRECATED_OBJC_IMPLEMENTATIONS = YES;
				CLANG_WARN_DIRECT_OBJC_ISA_USAGE = YES_ERROR;
				CLANG_WARN_DOCUMENTATION_COMMENTS = YES;
				CLANG_WARN_EMPTY_BODY = YES;
				CLANG_WARN_ENUM_CONVERSION = YES;
				CLANG_WARN_INFINITE_RECURSION = YES;
				CLANG_WARN_INT_CONVERSION = YES;
				CLANG_WARN_NON_LITERAL_NULL_CONVERSION = YES;
				CLANG_WARN_OBJC_IMPLICIT_RETAIN_SELF = YES;
				CLANG_WARN_OBJC_LITERAL_CONVERSION = YES;
				CLANG_WARN_OBJC_ROOT_CLASS = YES_ERROR;
				CLANG_WARN_QUOTED_INCLUDE_IN_FRAMEWORK_HEADER = YES;
				CLANG_WARN_RANGE_LOOP_ANALYSIS = YES;
				CLANG_WARN_STRICT_PROTOTYPES = YES;
				CLANG_WARN_SUSPICIOUS_MOVE = YES;
				CLANG_WARN_UNGUARDED_AVAILABILITY = YES_AGGRESSIVE;
				CLANG_WARN_UNREACHABLE_CODE = YES;
				CLANG_WARN__DUPLICATE_METHOD_MATCH = YES;
				COPY_PHASE_STRIP = NO;
				DEBUG_INFORMATION_FORMAT = dwarf;
				ENABLE_STRICT_OBJC_MSGSEND = YES;
				ENABLE_TESTABILITY = YES;
				GCC_C_LANGUAGE_STANDARD = gnu11;
				GCC_DYNAMIC_NO_PIC = NO;
				GCC_NO_COMMON_BLOCKS = YES;
				GCC_OPTIMIZATION_LEVEL = 0;
				GCC_PREPROCESSOR_DEFINITIONS = (
					"DEBUG=1",
					"$(inherited)",
				);
				GCC_WARN_64_TO_32_BIT_CONVERSION = YES;
				GCC_WARN_ABOUT_RETURN_TYPE = YES_ERROR;
				GCC_WARN_UNDECLARED_SELECTOR = YES;
				GCC_WARN_UNINITIALIZED_AUTOS = YES_AGGRESSIVE;
				GCC_WARN_UNUSED_FUNCTION = YES;
				GCC_WARN_UNUSED_VARIABLE = YES;
				IPHONEOS_DEPLOYMENT_TARGET = 16.4;
				MTL_ENABLE_DEBUG_INFO = INCLUDE_SOURCE;
				MTL_FAST_MATH = YES;
				ONLY_ACTIVE_ARCH = YES;
				SDKROOT = iphoneos;
				SWIFT_ACTIVE_COMPILATION_CONDITIONS = DEBUG;
				SWIFT_OPTIMIZATION_LEVEL = "-Onone";
			};
			name = Debug;
		};
		BB8CD7902A8FDB0C00676A11 /* Release */ = {
			isa = XCBuildConfiguration;
			buildSettings = {
				ALWAYS_SEARCH_USER_PATHS = NO;
				CLANG_ANALYZER_NONNULL = YES;
				CLANG_ANALYZER_NUMBER_OBJECT_CONVERSION = YES_AGGRESSIVE;
				CLANG_CXX_LANGUAGE_STANDARD = "gnu++20";
				CLANG_ENABLE_MODULES = YES;
				CLANG_ENABLE_OBJC_ARC = YES;
				CLANG_ENABLE_OBJC_WEAK = YES;
				CLANG_WARN_BLOCK_CAPTURE_AUTORELEASING = YES;
				CLANG_WARN_BOOL_CONVERSION = YES;
				CLANG_WARN_COMMA = YES;
				CLANG_WARN_CONSTANT_CONVERSION = YES;
				CLANG_WARN_DEPRECATED_OBJC_IMPLEMENTATIONS = YES;
				CLANG_WARN_DIRECT_OBJC_ISA_USAGE = YES_ERROR;
				CLANG_WARN_DOCUMENTATION_COMMENTS = YES;
				CLANG_WARN_EMPTY_BODY = YES;
				CLANG_WARN_ENUM_CONVERSION = YES;
				CLANG_WARN_INFINITE_RECURSION = YES;
				CLANG_WARN_INT_CONVERSION = YES;
				CLANG_WARN_NON_LITERAL_NULL_CONVERSION = YES;
				CLANG_WARN_OBJC_IMPLICIT_RETAIN_SELF = YES;
				CLANG_WARN_OBJC_LITERAL_CONVERSION = YES;
				CLANG_WARN_OBJC_ROOT_CLASS = YES_ERROR;
				CLANG_WARN_QUOTED_INCLUDE_IN_FRAMEWORK_HEADER = YES;
				CLANG_WARN_RANGE_LOOP_ANALYSIS = YES;
				CLANG_WARN_STRICT_PROTOTYPES = YES;
				CLANG_WARN_SUSPICIOUS_MOVE = YES;
				CLANG_WARN_UNGUARDED_AVAILABILITY = YES_AGGRESSIVE;
				CLANG_WARN_UNREACHABLE_CODE = YES;
				CLANG_WARN__DUPLICATE_METHOD_MATCH = YES;
				COPY_PHASE_STRIP = NO;
				DEBUG_INFORMATION_FORMAT = "dwarf-with-dsym";
				ENABLE_NS_ASSERTIONS = NO;
				ENABLE_STRICT_OBJC_MSGSEND = YES;
				GCC_C_LANGUAGE_STANDARD = gnu11;
				GCC_NO_COMMON_BLOCKS = YES;
				GCC_WARN_64_TO_32_BIT_CONVERSION = YES;
				GCC_WARN_ABOUT_RETURN_TYPE = YES_ERROR;
				GCC_WARN_UNDECLARED_SELECTOR = YES;
				GCC_WARN_UNINITIALIZED_AUTOS = YES_AGGRESSIVE;
				GCC_WARN_UNUSED_FUNCTION = YES;
				GCC_WARN_UNUSED_VARIABLE = YES;
				IPHONEOS_DEPLOYMENT_TARGET = 16.4;
				MTL_ENABLE_DEBUG_INFO = NO;
				MTL_FAST_MATH = YES;
				SDKROOT = iphoneos;
				SWIFT_COMPILATION_MODE = wholemodule;
				SWIFT_OPTIMIZATION_LEVEL = "-O";
				VALIDATE_PRODUCT = YES;
			};
			name = Release;
		};
		BB8CD7922A8FDB0C00676A11 /* Debug */ = {
			isa = XCBuildConfiguration;
			buildSettings = {
				ASSETCATALOG_COMPILER_APPICON_NAME = AppIcon;
				ASSETCATALOG_COMPILER_GLOBAL_ACCENT_COLOR_NAME = AccentColor;
				CODE_SIGN_STYLE = Automatic;
				CURRENT_PROJECT_VERSION = 1;
				DEVELOPMENT_TEAM = SF69972TN6;
				GENERATE_INFOPLIST_FILE = YES;
				INFOPLIST_FILE = "Mini CV/Resources/Info.plist";
				INFOPLIST_KEY_UIApplicationSupportsIndirectInputEvents = YES;
				INFOPLIST_KEY_UILaunchStoryboardName = LaunchScreen;
				INFOPLIST_KEY_UISupportedInterfaceOrientations_iPad = "UIInterfaceOrientationPortrait UIInterfaceOrientationPortraitUpsideDown UIInterfaceOrientationLandscapeLeft UIInterfaceOrientationLandscapeRight";
				INFOPLIST_KEY_UISupportedInterfaceOrientations_iPhone = "UIInterfaceOrientationPortrait UIInterfaceOrientationLandscapeLeft UIInterfaceOrientationLandscapeRight";
				LD_RUNPATH_SEARCH_PATHS = (
					"$(inherited)",
					"@executable_path/Frameworks",
				);
				MARKETING_VERSION = 1.0;
				PRODUCT_BUNDLE_IDENTIFIER = "com.smk.Mini-CV";
				PRODUCT_NAME = "$(TARGET_NAME)";
				SWIFT_EMIT_LOC_STRINGS = YES;
				SWIFT_VERSION = 5.0;
				TARGETED_DEVICE_FAMILY = "1,2";
			};
			name = Debug;
		};
		BB8CD7932A8FDB0C00676A11 /* Release */ = {
			isa = XCBuildConfiguration;
			buildSettings = {
				ASSETCATALOG_COMPILER_APPICON_NAME = AppIcon;
				ASSETCATALOG_COMPILER_GLOBAL_ACCENT_COLOR_NAME = AccentColor;
				CODE_SIGN_STYLE = Automatic;
				CURRENT_PROJECT_VERSION = 1;
				DEVELOPMENT_TEAM = SF69972TN6;
				GENERATE_INFOPLIST_FILE = YES;
				INFOPLIST_FILE = "Mini CV/Resources/Info.plist";
				INFOPLIST_KEY_UIApplicationSupportsIndirectInputEvents = YES;
				INFOPLIST_KEY_UILaunchStoryboardName = LaunchScreen;
				INFOPLIST_KEY_UISupportedInterfaceOrientations_iPad = "UIInterfaceOrientationPortrait UIInterfaceOrientationPortraitUpsideDown UIInterfaceOrientationLandscapeLeft UIInterfaceOrientationLandscapeRight";
				INFOPLIST_KEY_UISupportedInterfaceOrientations_iPhone = "UIInterfaceOrientationPortrait UIInterfaceOrientationLandscapeLeft UIInterfaceOrientationLandscapeRight";
				LD_RUNPATH_SEARCH_PATHS = (
					"$(inherited)",
					"@executable_path/Frameworks",
				);
				MARKETING_VERSION = 1.0;
				PRODUCT_BUNDLE_IDENTIFIER = "com.smk.Mini-CV";
				PRODUCT_NAME = "$(TARGET_NAME)";
				SWIFT_EMIT_LOC_STRINGS = YES;
				SWIFT_VERSION = 5.0;
				TARGETED_DEVICE_FAMILY = "1,2";
			};
			name = Release;
		};
/* End XCBuildConfiguration section */

/* Begin XCConfigurationList section */
		BB8CD7782A8FDB0B00676A11 /* Build configuration list for PBXProject "Mini CV" */ = {
			isa = XCConfigurationList;
			buildConfigurations = (
				BB8CD78F2A8FDB0C00676A11 /* Debug */,
				BB8CD7902A8FDB0C00676A11 /* Release */,
			);
			defaultConfigurationIsVisible = 0;
			defaultConfigurationName = Release;
		};
		BB8CD7912A8FDB0C00676A11 /* Build configuration list for PBXNativeTarget "Mini CV" */ = {
			isa = XCConfigurationList;
			buildConfigurations = (
				BB8CD7922A8FDB0C00676A11 /* Debug */,
				BB8CD7932A8FDB0C00676A11 /* Release */,
			);
			defaultConfigurationIsVisible = 0;
			defaultConfigurationName = Release;
		};
/* End XCConfigurationList section */
	};
	rootObject = BB8CD7752A8FDB0B00676A11 /* Project object */;
}
