// !$*UTF8*$!
{
	archiveVersion = 1;
	classes = {
	};
	objectVersion = 56;
	objects = {

/* Begin PBXBuildFile section */
		BB0CB89E2A924E7D00474D0A /* LocalizationKeys.swift in Sources */ = {isa = PBXBuildFile; fileRef = BB0CB89D2A924E7D00474D0A /* LocalizationKeys.swift */; };
		BB0CB8A02A92535D00474D0A /* Profile.swift in Sources */ = {isa = PBXBuildFile; fileRef = BB0CB89F2A92535D00474D0A /* Profile.swift */; };
		BB614DE32A9394DD00B33DA5 /* SkillsCollectionView.swift in Sources */ = {isa = PBXBuildFile; fileRef = BB614DE22A9394DD00B33DA5 /* SkillsCollectionView.swift */; };
		BB614DE62A93955700B33DA5 /* LeftAlignedCollectionViewFlowLayout.swift in Sources */ = {isa = PBXBuildFile; fileRef = BB614DE52A93955700B33DA5 /* LeftAlignedCollectionViewFlowLayout.swift */; };
		BB7C479D2A90D673009386C3 /* CVViewProtocol.swift in Sources */ = {isa = PBXBuildFile; fileRef = BB7C479C2A90D673009386C3 /* CVViewProtocol.swift */; };
		BB7C479F2A90D697009386C3 /* SkillCollectionViewCell.swift in Sources */ = {isa = PBXBuildFile; fileRef = BB7C479E2A90D697009386C3 /* SkillCollectionViewCell.swift */; };
		BB7C47A12A90D6A5009386C3 /* AddSkillCollectionViewCell.swift in Sources */ = {isa = PBXBuildFile; fileRef = BB7C47A02A90D6A5009386C3 /* AddSkillCollectionViewCell.swift */; };
		BB7C47A32A90D6CE009386C3 /* CVView.swift in Sources */ = {isa = PBXBuildFile; fileRef = BB7C47A22A90D6CE009386C3 /* CVView.swift */; };
		BB7C47AB2A91128C009386C3 /* TopViewContainer.swift in Sources */ = {isa = PBXBuildFile; fileRef = BB7C47AA2A91128C009386C3 /* TopViewContainer.swift */; };
		BB7C47AD2A911522009386C3 /* Icons.xcassets in Resources */ = {isa = PBXBuildFile; fileRef = BB7C47AC2A911522009386C3 /* Icons.xcassets */; };
		BB7C47B02A9115CD009386C3 /* AppIcons.swift in Sources */ = {isa = PBXBuildFile; fileRef = BB7C47AF2A9115CD009386C3 /* AppIcons.swift */; };
		BB7C47B22A911672009386C3 /* Colors.xcassets in Resources */ = {isa = PBXBuildFile; fileRef = BB7C47B12A911672009386C3 /* Colors.xcassets */; };
		BB7C47B42A9116C8009386C3 /* AppColors.swift in Sources */ = {isa = PBXBuildFile; fileRef = BB7C47B32A9116C8009386C3 /* AppColors.swift */; };
		BB7C47B62A911881009386C3 /* ConstantsSizes.swift in Sources */ = {isa = PBXBuildFile; fileRef = BB7C47B52A911881009386C3 /* ConstantsSizes.swift */; };
		BB7C47B82A911A12009386C3 /* AppImages.swift in Sources */ = {isa = PBXBuildFile; fileRef = BB7C47B72A911A12009386C3 /* AppImages.swift */; };
		BB7C47BF2A911C42009386C3 /* AppFonts.swift in Sources */ = {isa = PBXBuildFile; fileRef = BB7C47BE2A911C42009386C3 /* AppFonts.swift */; };
		BB7C47C22A9121DE009386C3 /* UIView+Extensions.swift in Sources */ = {isa = PBXBuildFile; fileRef = BB7C47C12A9121DE009386C3 /* UIView+Extensions.swift */; };
		BB8CD7812A8FDB0B00676A11 /* AppDelegate.swift in Sources */ = {isa = PBXBuildFile; fileRef = BB8CD7802A8FDB0B00676A11 /* AppDelegate.swift */; };
		BB8CD7832A8FDB0B00676A11 /* SceneDelegate.swift in Sources */ = {isa = PBXBuildFile; fileRef = BB8CD7822A8FDB0B00676A11 /* SceneDelegate.swift */; };
		BB8CD7852A8FDB0B00676A11 /* CVViewController.swift in Sources */ = {isa = PBXBuildFile; fileRef = BB8CD7842A8FDB0B00676A11 /* CVViewController.swift */; };
		BB8CD78A2A8FDB0C00676A11 /* Assets.xcassets in Resources */ = {isa = PBXBuildFile; fileRef = BB8CD7892A8FDB0C00676A11 /* Assets.xcassets */; };
		BB8CD78D2A8FDB0C00676A11 /* LaunchScreen.storyboard in Resources */ = {isa = PBXBuildFile; fileRef = BB8CD78B2A8FDB0C00676A11 /* LaunchScreen.storyboard */; };
		BBBAB2D52A8FF0E30077ECAF /* AssemblyBuilder.swift in Sources */ = {isa = PBXBuildFile; fileRef = BBBAB2D42A8FF0E30077ECAF /* AssemblyBuilder.swift */; };
		BBBAB2D82A8FF3030077ECAF /* Skill.swift in Sources */ = {isa = PBXBuildFile; fileRef = BBBAB2D72A8FF3030077ECAF /* Skill.swift */; };
		BBBAB2DE2A8FF3D00077ECAF /* StorageManagerProtocol.swift in Sources */ = {isa = PBXBuildFile; fileRef = BBBAB2DD2A8FF3D00077ECAF /* StorageManagerProtocol.swift */; };
		BBBAB2E22A8FF5670077ECAF /* StorageManager.swift in Sources */ = {isa = PBXBuildFile; fileRef = BBBAB2E12A8FF5670077ECAF /* StorageManager.swift */; };
		BBBAB2E72A8FF7B20077ECAF /* SkillsServiceProtocol.swift in Sources */ = {isa = PBXBuildFile; fileRef = BBBAB2E62A8FF7B20077ECAF /* SkillsServiceProtocol.swift */; };
		BBBAB2E92A8FF7EA0077ECAF /* SkillsService.swift in Sources */ = {isa = PBXBuildFile; fileRef = BBBAB2E82A8FF7EA0077ECAF /* SkillsService.swift */; };
		BBBAB2EC2A8FFB9A0077ECAF /* MockData.swift in Sources */ = {isa = PBXBuildFile; fileRef = BBBAB2EB2A8FFB9A0077ECAF /* MockData.swift */; };
		BBBAB2FE2A9000CE0077ECAF /* SkillsServiceTest.swift in Sources */ = {isa = PBXBuildFile; fileRef = BBBAB2FD2A9000CE0077ECAF /* SkillsServiceTest.swift */; };
		BBBAB3002A9001F80077ECAF /* StubStorageManager.swift in Sources */ = {isa = PBXBuildFile; fileRef = BBBAB2FF2A9001F80077ECAF /* StubStorageManager.swift */; };
		BBBAB3052A9002E40077ECAF /* StorageServiceTest.swift in Sources */ = {isa = PBXBuildFile; fileRef = BBBAB3042A9002E40077ECAF /* StorageServiceTest.swift */; };
		BBBAB3072A90039F0077ECAF /* MockStruct.swift in Sources */ = {isa = PBXBuildFile; fileRef = BBBAB3062A90039F0077ECAF /* MockStruct.swift */; };
		BBBAB30D2A9010000077ECAF /* SkillTest+Extenstion.swift in Sources */ = {isa = PBXBuildFile; fileRef = BBBAB30C2A9010000077ECAF /* SkillTest+Extenstion.swift */; };
/* End PBXBuildFile section */

/* Begin PBXContainerItemProxy section */
		BBBAB2F72A90009E0077ECAF /* PBXContainerItemProxy */ = {
			isa = PBXContainerItemProxy;
			containerPortal = BB8CD7752A8FDB0B00676A11 /* Project object */;
			proxyType = 1;
			remoteGlobalIDString = BB8CD77C2A8FDB0B00676A11;
			remoteInfo = "Mini CV";
		};
/* End PBXContainerItemProxy section */

/* Begin PBXFileReference section */
		BB0CB89D2A924E7D00474D0A /* LocalizationKeys.swift */ = {isa = PBXFileReference; lastKnownFileType = sourcecode.swift; path = LocalizationKeys.swift; sourceTree = "<group>"; };
		BB0CB89F2A92535D00474D0A /* Profile.swift */ = {isa = PBXFileReference; lastKnownFileType = sourcecode.swift; path = Profile.swift; sourceTree = "<group>"; };
		BB614DE22A9394DD00B33DA5 /* SkillsCollectionView.swift */ = {isa = PBXFileReference; lastKnownFileType = sourcecode.swift; path = SkillsCollectionView.swift; sourceTree = "<group>"; };
		BB614DE52A93955700B33DA5 /* LeftAlignedCollectionViewFlowLayout.swift */ = {isa = PBXFileReference; lastKnownFileType = sourcecode.swift; path = LeftAlignedCollectionViewFlowLayout.swift; sourceTree = "<group>"; };
		BB7C479C2A90D673009386C3 /* CVViewProtocol.swift */ = {isa = PBXFileReference; lastKnownFileType = sourcecode.swift; path = CVViewProtocol.swift; sourceTree = "<group>"; };
		BB7C479E2A90D697009386C3 /* SkillCollectionViewCell.swift */ = {isa = PBXFileReference; lastKnownFileType = sourcecode.swift; path = SkillCollectionViewCell.swift; sourceTree = "<group>"; };
		BB7C47A02A90D6A5009386C3 /* AddSkillCollectionViewCell.swift */ = {isa = PBXFileReference; lastKnownFileType = sourcecode.swift; path = AddSkillCollectionViewCell.swift; sourceTree = "<group>"; };
		BB7C47A22A90D6CE009386C3 /* CVView.swift */ = {isa = PBXFileReference; lastKnownFileType = sourcecode.swift; path = CVView.swift; sourceTree = "<group>"; };
		BB7C47AA2A91128C009386C3 /* TopViewContainer.swift */ = {isa = PBXFileReference; lastKnownFileType = sourcecode.swift; path = TopViewContainer.swift; sourceTree = "<group>"; };
		BB7C47AC2A911522009386C3 /* Icons.xcassets */ = {isa = PBXFileReference; lastKnownFileType = folder.assetcatalog; path = Icons.xcassets; sourceTree = "<group>"; };
		BB7C47AF2A9115CD009386C3 /* AppIcons.swift */ = {isa = PBXFileReference; lastKnownFileType = sourcecode.swift; path = AppIcons.swift; sourceTree = "<group>"; };
		BB7C47B12A911672009386C3 /* Colors.xcassets */ = {isa = PBXFileReference; lastKnownFileType = folder.assetcatalog; path = Colors.xcassets; sourceTree = "<group>"; };
		BB7C47B32A9116C8009386C3 /* AppColors.swift */ = {isa = PBXFileReference; lastKnownFileType = sourcecode.swift; path = AppColors.swift; sourceTree = "<group>"; };
		BB7C47B52A911881009386C3 /* ConstantsSizes.swift */ = {isa = PBXFileReference; lastKnownFileType = sourcecode.swift; path = ConstantsSizes.swift; sourceTree = "<group>"; };
		BB7C47B72A911A12009386C3 /* AppImages.swift */ = {isa = PBXFileReference; lastKnownFileType = sourcecode.swift; path = AppImages.swift; sourceTree = "<group>"; };
		BB7C47BE2A911C42009386C3 /* AppFonts.swift */ = {isa = PBXFileReference; lastKnownFileType = sourcecode.swift; path = AppFonts.swift; sourceTree = "<group>"; };
		BB7C47C12A9121DE009386C3 /* UIView+Extensions.swift */ = {isa = PBXFileReference; lastKnownFileType = sourcecode.swift; path = "UIView+Extensions.swift"; sourceTree = "<group>"; };
		BB8CD77D2A8FDB0B00676A11 /* Mini CV.app */ = {isa = PBXFileReference; explicitFileType = wrapper.application; includeInIndex = 0; path = "Mini CV.app"; sourceTree = BUILT_PRODUCTS_DIR; };
		BB8CD7802A8FDB0B00676A11 /* AppDelegate.swift */ = {isa = PBXFileReference; lastKnownFileType = sourcecode.swift; path = AppDelegate.swift; sourceTree = "<group>"; };
		BB8CD7822A8FDB0B00676A11 /* SceneDelegate.swift */ = {isa = PBXFileReference; lastKnownFileType = sourcecode.swift; path = SceneDelegate.swift; sourceTree = "<group>"; };
		BB8CD7842A8FDB0B00676A11 /* CVViewController.swift */ = {isa = PBXFileReference; lastKnownFileType = sourcecode.swift; path = CVViewController.swift; sourceTree = "<group>"; };
		BB8CD7892A8FDB0C00676A11 /* Assets.xcassets */ = {isa = PBXFileReference; lastKnownFileType = folder.assetcatalog; path = Assets.xcassets; sourceTree = "<group>"; };
		BB8CD78C2A8FDB0C00676A11 /* Base */ = {isa = PBXFileReference; lastKnownFileType = file.storyboard; name = Base; path = Base.lproj/LaunchScreen.storyboard; sourceTree = "<group>"; };
		BB8CD78E2A8FDB0C00676A11 /* Info.plist */ = {isa = PBXFileReference; lastKnownFileType = text.plist.xml; path = Info.plist; sourceTree = "<group>"; };
		BBBAB2D42A8FF0E30077ECAF /* AssemblyBuilder.swift */ = {isa = PBXFileReference; lastKnownFileType = sourcecode.swift; path = AssemblyBuilder.swift; sourceTree = "<group>"; };
		BBBAB2D72A8FF3030077ECAF /* Skill.swift */ = {isa = PBXFileReference; lastKnownFileType = sourcecode.swift; path = Skill.swift; sourceTree = "<group>"; };
		BBBAB2DD2A8FF3D00077ECAF /* StorageManagerProtocol.swift */ = {isa = PBXFileReference; lastKnownFileType = sourcecode.swift; path = StorageManagerProtocol.swift; sourceTree = "<group>"; };
		BBBAB2E12A8FF5670077ECAF /* StorageManager.swift */ = {isa = PBXFileReference; lastKnownFileType = sourcecode.swift; path = StorageManager.swift; sourceTree = "<group>"; };
		BBBAB2E62A8FF7B20077ECAF /* SkillsServiceProtocol.swift */ = {isa = PBXFileReference; lastKnownFileType = sourcecode.swift; path = SkillsServiceProtocol.swift; sourceTree = "<group>"; };
		BBBAB2E82A8FF7EA0077ECAF /* SkillsService.swift */ = {isa = PBXFileReference; lastKnownFileType = sourcecode.swift; path = SkillsService.swift; sourceTree = "<group>"; };
		BBBAB2EB2A8FFB9A0077ECAF /* MockData.swift */ = {isa = PBXFileReference; lastKnownFileType = sourcecode.swift; path = MockData.swift; sourceTree = "<group>"; };
		BBBAB2F32A90009E0077ECAF /* Mini CV Tests.xctest */ = {isa = PBXFileReference; explicitFileType = wrapper.cfbundle; includeInIndex = 0; path = "Mini CV Tests.xctest"; sourceTree = BUILT_PRODUCTS_DIR; };
		BBBAB2FD2A9000CE0077ECAF /* SkillsServiceTest.swift */ = {isa = PBXFileReference; lastKnownFileType = sourcecode.swift; path = SkillsServiceTest.swift; sourceTree = "<group>"; };
		BBBAB2FF2A9001F80077ECAF /* StubStorageManager.swift */ = {isa = PBXFileReference; lastKnownFileType = sourcecode.swift; path = StubStorageManager.swift; sourceTree = "<group>"; };
		BBBAB3042A9002E40077ECAF /* StorageServiceTest.swift */ = {isa = PBXFileReference; lastKnownFileType = sourcecode.swift; path = StorageServiceTest.swift; sourceTree = "<group>"; };
		BBBAB3062A90039F0077ECAF /* MockStruct.swift */ = {isa = PBXFileReference; lastKnownFileType = sourcecode.swift; path = MockStruct.swift; sourceTree = "<group>"; };
		BBBAB30C2A9010000077ECAF /* SkillTest+Extenstion.swift */ = {isa = PBXFileReference; lastKnownFileType = sourcecode.swift; path = "SkillTest+Extenstion.swift"; sourceTree = "<group>"; };
		BBBAB30E2A9011620077ECAF /* Mini CV.xctestplan */ = {isa = PBXFileReference; lastKnownFileType = text; path = "Mini CV.xctestplan"; sourceTree = "<group>"; };
/* End PBXFileReference section */

/* Begin PBXFrameworksBuildPhase section */
		BB8CD77A2A8FDB0B00676A11 /* Frameworks */ = {
			isa = PBXFrameworksBuildPhase;
			buildActionMask = 2147483647;
			files = (
			);
			runOnlyForDeploymentPostprocessing = 0;
		};
		BBBAB2F02A90009E0077ECAF /* Frameworks */ = {
			isa = PBXFrameworksBuildPhase;
			buildActionMask = 2147483647;
			files = (
			);
			runOnlyForDeploymentPostprocessing = 0;
		};
/* End PBXFrameworksBuildPhase section */

/* Begin PBXGroup section */
		BB0CB89C2A924E5C00474D0A /* Locilization static data */ = {
			isa = PBXGroup;
			children = (
				BB0CB89D2A924E7D00474D0A /* LocalizationKeys.swift */,
			);
			path = "Locilization static data";
			sourceTree = "<group>";
		};
		BB516FDD2A8FE24C00047BC5 /* Application */ = {
			isa = PBXGroup;
			children = (
				BB8CD7802A8FDB0B00676A11 /* AppDelegate.swift */,
				BB8CD7822A8FDB0B00676A11 /* SceneDelegate.swift */,
				BBBAB2D42A8FF0E30077ECAF /* AssemblyBuilder.swift */,
			);
			path = Application;
			sourceTree = "<group>";
		};
		BB516FDE2A8FE25D00047BC5 /* Resources */ = {
			isa = PBXGroup;
			children = (
				BB0CB89C2A924E5C00474D0A /* Locilization static data */,
				BB7C47BC2A911C0C009386C3 /* Constants */,
				BB7C47BD2A911C38009386C3 /* Fonts */,
				BB7C47BB2A911BBC009386C3 /* Images */,
				BB7C47BA2A911B70009386C3 /* Colors */,
				BB8CD7892A8FDB0C00676A11 /* Assets.xcassets */,
				BB8CD78E2A8FDB0C00676A11 /* Info.plist */,
				BB8CD78B2A8FDB0C00676A11 /* LaunchScreen.storyboard */,
			);
			path = Resources;
			sourceTree = "<group>";
		};
		BB614DE42A93950C00B33DA5 /* CollectionView */ = {
			isa = PBXGroup;
			children = (
				BB7C479B2A90D649009386C3 /* Cells */,
				BB614DE52A93955700B33DA5 /* LeftAlignedCollectionViewFlowLayout.swift */,
				BB614DE22A9394DD00B33DA5 /* SkillsCollectionView.swift */,
			);
			path = CollectionView;
			sourceTree = "<group>";
		};
		BB7C47972A90D615009386C3 /* Presentation Layer */ = {
			isa = PBXGroup;
			children = (
				BB7C47982A90D623009386C3 /* CV Flow */,
			);
			path = "Presentation Layer";
			sourceTree = "<group>";
		};
		BB7C47982A90D623009386C3 /* CV Flow */ = {
			isa = PBXGroup;
			children = (
				BB7C47992A90D62F009386C3 /* Contracts */,
				BB7C479A2A90D63C009386C3 /* Views */,
				BB8CD7842A8FDB0B00676A11 /* CVViewController.swift */,
			);
			path = "CV Flow";
			sourceTree = "<group>";
		};
		BB7C47992A90D62F009386C3 /* Contracts */ = {
			isa = PBXGroup;
			children = (
				BB7C479C2A90D673009386C3 /* CVViewProtocol.swift */,
			);
			path = Contracts;
			sourceTree = "<group>";
		};
		BB7C479A2A90D63C009386C3 /* Views */ = {
			isa = PBXGroup;
			children = (
				BB614DE42A93950C00B33DA5 /* CollectionView */,
				BB7C47A22A90D6CE009386C3 /* CVView.swift */,
				BB7C47AA2A91128C009386C3 /* TopViewContainer.swift */,
			);
			path = Views;
			sourceTree = "<group>";
		};
		BB7C479B2A90D649009386C3 /* Cells */ = {
			isa = PBXGroup;
			children = (
				BB7C479E2A90D697009386C3 /* SkillCollectionViewCell.swift */,
				BB7C47A02A90D6A5009386C3 /* AddSkillCollectionViewCell.swift */,
			);
			path = Cells;
			sourceTree = "<group>";
		};
		BB7C47BA2A911B70009386C3 /* Colors */ = {
			isa = PBXGroup;
			children = (
				BB7C47B32A9116C8009386C3 /* AppColors.swift */,
				BB7C47B12A911672009386C3 /* Colors.xcassets */,
			);
			path = Colors;
			sourceTree = "<group>";
		};
		BB7C47BB2A911BBC009386C3 /* Images */ = {
			isa = PBXGroup;
			children = (
				BB7C47AF2A9115CD009386C3 /* AppIcons.swift */,
				BB7C47B72A911A12009386C3 /* AppImages.swift */,
				BB7C47AC2A911522009386C3 /* Icons.xcassets */,
			);
			path = Images;
			sourceTree = "<group>";
		};
		BB7C47BC2A911C0C009386C3 /* Constants */ = {
			isa = PBXGroup;
			children = (
				BB7C47B52A911881009386C3 /* ConstantsSizes.swift */,
			);
			path = Constants;
			sourceTree = "<group>";
		};
		BB7C47BD2A911C38009386C3 /* Fonts */ = {
			isa = PBXGroup;
			children = (
				BB7C47BE2A911C42009386C3 /* AppFonts.swift */,
			);
			path = Fonts;
			sourceTree = "<group>";
		};
		BB7C47C02A9121AA009386C3 /* Extensions */ = {
			isa = PBXGroup;
			children = (
				BB7C47C12A9121DE009386C3 /* UIView+Extensions.swift */,
			);
			path = Extensions;
			sourceTree = "<group>";
		};
		BB8CD7742A8FDB0B00676A11 = {
			isa = PBXGroup;
			children = (
				BB8CD77F2A8FDB0B00676A11 /* Mini CV */,
				BBBAB2F42A90009E0077ECAF /* Mini CV Tests */,
				BB8CD77E2A8FDB0B00676A11 /* Products */,
			);
			sourceTree = "<group>";
		};
		BB8CD77E2A8FDB0B00676A11 /* Products */ = {
			isa = PBXGroup;
			children = (
				BB8CD77D2A8FDB0B00676A11 /* Mini CV.app */,
				BBBAB2F32A90009E0077ECAF /* Mini CV Tests.xctest */,
			);
			name = Products;
			sourceTree = "<group>";
		};
		BB8CD77F2A8FDB0B00676A11 /* Mini CV */ = {
			isa = PBXGroup;
			children = (
				BB516FDE2A8FE25D00047BC5 /* Resources */,
				BB516FDD2A8FE24C00047BC5 /* Application */,
				BB7C47972A90D615009386C3 /* Presentation Layer */,
				BBBAB2DA2A8FF3560077ECAF /* Service Layer */,
				BBBAB2D62A8FF2B80077ECAF /* Entities */,
				BBBAB2EA2A8FFB890077ECAF /* Mocks */,
				BB7C47C02A9121AA009386C3 /* Extensions */,
			);
			path = "Mini CV";
			sourceTree = "<group>";
		};
		BBBAB2D62A8FF2B80077ECAF /* Entities */ = {
			isa = PBXGroup;
			children = (
				BBBAB2D72A8FF3030077ECAF /* Skill.swift */,
				BB0CB89F2A92535D00474D0A /* Profile.swift */,
			);
			path = Entities;
			sourceTree = "<group>";
		};
		BBBAB2DA2A8FF3560077ECAF /* Service Layer */ = {
			isa = PBXGroup;
			children = (
				BBBAB2E42A8FF76F0077ECAF /* Skills Service */,
				BBBAB2DC2A8FF3A50077ECAF /* Storage Service */,
			);
			path = "Service Layer";
			sourceTree = "<group>";
		};
		BBBAB2DB2A8FF3630077ECAF /* Contracts */ = {
			isa = PBXGroup;
			children = (
				BBBAB2DD2A8FF3D00077ECAF /* StorageManagerProtocol.swift */,
			);
			path = Contracts;
			sourceTree = "<group>";
		};
		BBBAB2DC2A8FF3A50077ECAF /* Storage Service */ = {
			isa = PBXGroup;
			children = (
				BBBAB2DB2A8FF3630077ECAF /* Contracts */,
				BBBAB2E12A8FF5670077ECAF /* StorageManager.swift */,
			);
			path = "Storage Service";
			sourceTree = "<group>";
		};
		BBBAB2E42A8FF76F0077ECAF /* Skills Service */ = {
			isa = PBXGroup;
			children = (
				BBBAB2E52A8FF7960077ECAF /* Contracts */,
				BBBAB2E82A8FF7EA0077ECAF /* SkillsService.swift */,
			);
			path = "Skills Service";
			sourceTree = "<group>";
		};
		BBBAB2E52A8FF7960077ECAF /* Contracts */ = {
			isa = PBXGroup;
			children = (
				BBBAB2E62A8FF7B20077ECAF /* SkillsServiceProtocol.swift */,
			);
			path = Contracts;
			sourceTree = "<group>";
		};
		BBBAB2EA2A8FFB890077ECAF /* Mocks */ = {
			isa = PBXGroup;
			children = (
				BBBAB2EB2A8FFB9A0077ECAF /* MockData.swift */,
			);
			path = Mocks;
			sourceTree = "<group>";
		};
		BBBAB2F42A90009E0077ECAF /* Mini CV Tests */ = {
			isa = PBXGroup;
			children = (
				BBBAB30E2A9011620077ECAF /* Mini CV.xctestplan */,
				BBBAB3012A9002BE0077ECAF /* TestStorageService */,
				BBBAB2FC2A9000A60077ECAF /* TestSkillsService */,
			);
			path = "Mini CV Tests";
			sourceTree = "<group>";
		};
		BBBAB2FC2A9000A60077ECAF /* TestSkillsService */ = {
			isa = PBXGroup;
			children = (
				BBBAB2FD2A9000CE0077ECAF /* SkillsServiceTest.swift */,
				BBBAB2FF2A9001F80077ECAF /* StubStorageManager.swift */,
				BBBAB30C2A9010000077ECAF /* SkillTest+Extenstion.swift */,
			);
			path = TestSkillsService;
			sourceTree = "<group>";
		};
		BBBAB3012A9002BE0077ECAF /* TestStorageService */ = {
			isa = PBXGroup;
			children = (
				BBBAB3042A9002E40077ECAF /* StorageServiceTest.swift */,
				BBBAB3062A90039F0077ECAF /* MockStruct.swift */,
			);
			path = TestStorageService;
			sourceTree = "<group>";
		};
/* End PBXGroup section */

/* Begin PBXNativeTarget section */
		BB8CD77C2A8FDB0B00676A11 /* Mini CV */ = {
			isa = PBXNativeTarget;
			buildConfigurationList = BB8CD7912A8FDB0C00676A11 /* Build configuration list for PBXNativeTarget "Mini CV" */;
			buildPhases = (
				BB8CD7792A8FDB0B00676A11 /* Sources */,
				BB8CD77A2A8FDB0B00676A11 /* Frameworks */,
				BB8CD77B2A8FDB0B00676A11 /* Resources */,
			);
			buildRules = (
			);
			dependencies = (
			);
			name = "Mini CV";
			productName = "Mini CV";
			productReference = BB8CD77D2A8FDB0B00676A11 /* Mini CV.app */;
			productType = "com.apple.product-type.application";
		};
		BBBAB2F22A90009E0077ECAF /* Mini CV Tests */ = {
			isa = PBXNativeTarget;
			buildConfigurationList = BBBAB2F92A90009E0077ECAF /* Build configuration list for PBXNativeTarget "Mini CV Tests" */;
			buildPhases = (
				BBBAB2EF2A90009E0077ECAF /* Sources */,
				BBBAB2F02A90009E0077ECAF /* Frameworks */,
				BBBAB2F12A90009E0077ECAF /* Resources */,
			);
			buildRules = (
			);
			dependencies = (
				BBBAB2F82A90009E0077ECAF /* PBXTargetDependency */,
			);
			name = "Mini CV Tests";
			productName = "Mini CV Tests";
			productReference = BBBAB2F32A90009E0077ECAF /* Mini CV Tests.xctest */;
			productType = "com.apple.product-type.bundle.unit-test";
		};
/* End PBXNativeTarget section */

/* Begin PBXProject section */
		BB8CD7752A8FDB0B00676A11 /* Project object */ = {
			isa = PBXProject;
			attributes = {
				BuildIndependentTargetsInParallel = 1;
				LastSwiftUpdateCheck = 1430;
				LastUpgradeCheck = 1430;
				TargetAttributes = {
					BB8CD77C2A8FDB0B00676A11 = {
						CreatedOnToolsVersion = 14.3.1;
					};
					BBBAB2F22A90009E0077ECAF = {
						CreatedOnToolsVersion = 14.3.1;
						TestTargetID = BB8CD77C2A8FDB0B00676A11;
					};
				};
			};
			buildConfigurationList = BB8CD7782A8FDB0B00676A11 /* Build configuration list for PBXProject "Mini CV" */;
			compatibilityVersion = "Xcode 14.0";
			developmentRegion = en;
			hasScannedForEncodings = 0;
			knownRegions = (
				en,
				Base,
			);
			mainGroup = BB8CD7742A8FDB0B00676A11;
			productRefGroup = BB8CD77E2A8FDB0B00676A11 /* Products */;
			projectDirPath = "";
			projectRoot = "";
			targets = (
				BB8CD77C2A8FDB0B00676A11 /* Mini CV */,
				BBBAB2F22A90009E0077ECAF /* Mini CV Tests */,
			);
		};
/* End PBXProject section */

/* Begin PBXResourcesBuildPhase section */
		BB8CD77B2A8FDB0B00676A11 /* Resources */ = {
			isa = PBXResourcesBuildPhase;
			buildActionMask = 2147483647;
			files = (
				BB8CD78D2A8FDB0C00676A11 /* LaunchScreen.storyboard in Resources */,
				BB7C47B22A911672009386C3 /* Colors.xcassets in Resources */,
				BB7C47AD2A911522009386C3 /* Icons.xcassets in Resources */,
				BB8CD78A2A8FDB0C00676A11 /* Assets.xcassets in Resources */,
			);
			runOnlyForDeploymentPostprocessing = 0;
		};
		BBBAB2F12A90009E0077ECAF /* Resources */ = {
			isa = PBXResourcesBuildPhase;
			buildActionMask = 2147483647;
			files = (
			);
			runOnlyForDeploymentPostprocessing = 0;
		};
/* End PBXResourcesBuildPhase section */

/* Begin PBXSourcesBuildPhase section */
		BB8CD7792A8FDB0B00676A11 /* Sources */ = {
			isa = PBXSourcesBuildPhase;
			buildActionMask = 2147483647;
			files = (
				BB7C47C22A9121DE009386C3 /* UIView+Extensions.swift in Sources */,
				BB7C47B42A9116C8009386C3 /* AppColors.swift in Sources */,
				BB0CB89E2A924E7D00474D0A /* LocalizationKeys.swift in Sources */,
				BB0CB8A02A92535D00474D0A /* Profile.swift in Sources */,
				BB7C479D2A90D673009386C3 /* CVViewProtocol.swift in Sources */,
				BB7C47B62A911881009386C3 /* ConstantsSizes.swift in Sources */,
				BB7C47AB2A91128C009386C3 /* TopViewContainer.swift in Sources */,
				BB8CD7852A8FDB0B00676A11 /* CVViewController.swift in Sources */,
				BB614DE62A93955700B33DA5 /* LeftAlignedCollectionViewFlowLayout.swift in Sources */,
				BB7C47B82A911A12009386C3 /* AppImages.swift in Sources */,
				BB8CD7812A8FDB0B00676A11 /* AppDelegate.swift in Sources */,
				BB8CD7832A8FDB0B00676A11 /* SceneDelegate.swift in Sources */,
				BBBAB2E72A8FF7B20077ECAF /* SkillsServiceProtocol.swift in Sources */,
				BBBAB2D82A8FF3030077ECAF /* Skill.swift in Sources */,
				BB7C479F2A90D697009386C3 /* SkillCollectionViewCell.swift in Sources */,
				BB7C47B02A9115CD009386C3 /* AppIcons.swift in Sources */,
				BB7C47A32A90D6CE009386C3 /* CVView.swift in Sources */,
				BBBAB2D52A8FF0E30077ECAF /* AssemblyBuilder.swift in Sources */,
				BBBAB2DE2A8FF3D00077ECAF /* StorageManagerProtocol.swift in Sources */,
				BBBAB2E22A8FF5670077ECAF /* StorageManager.swift in Sources */,
				BB7C47BF2A911C42009386C3 /* AppFonts.swift in Sources */,
				BBBAB2E92A8FF7EA0077ECAF /* SkillsService.swift in Sources */,
				BBBAB2EC2A8FFB9A0077ECAF /* MockData.swift in Sources */,
				BB614DE32A9394DD00B33DA5 /* SkillsCollectionView.swift in Sources */,
				BB7C47A12A90D6A5009386C3 /* AddSkillCollectionViewCell.swift in Sources */,
			);
			runOnlyForDeploymentPostprocessing = 0;
		};
		BBBAB2EF2A90009E0077ECAF /* Sources */ = {
			isa = PBXSourcesBuildPhase;
			buildActionMask = 2147483647;
			files = (
				BBBAB30D2A9010000077ECAF /* SkillTest+Extenstion.swift in Sources */,
				BBBAB3072A90039F0077ECAF /* MockStruct.swift in Sources */,
				BBBAB3052A9002E40077ECAF /* StorageServiceTest.swift in Sources */,
				BBBAB3002A9001F80077ECAF /* StubStorageManager.swift in Sources */,
				BBBAB2FE2A9000CE0077ECAF /* SkillsServiceTest.swift in Sources */,
			);
			runOnlyForDeploymentPostprocessing = 0;
		};
/* End PBXSourcesBuildPhase section */

/* Begin PBXTargetDependency section */
		BBBAB2F82A90009E0077ECAF /* PBXTargetDependency */ = {
			isa = PBXTargetDependency;
			target = BB8CD77C2A8FDB0B00676A11 /* Mini CV */;
			targetProxy = BBBAB2F72A90009E0077ECAF /* PBXContainerItemProxy */;
		};
/* End PBXTargetDependency section */

/* Begin PBXVariantGroup section */
		BB8CD78B2A8FDB0C00676A11 /* LaunchScreen.storyboard */ = {
			isa = PBXVariantGroup;
			children = (
				BB8CD78C2A8FDB0C00676A11 /* Base */,
			);
			name = LaunchScreen.storyboard;
			sourceTree = "<group>";
		};
/* End PBXVariantGroup section */

/* Begin XCBuildConfiguration section */
		BB8CD78F2A8FDB0C00676A11 /* Debug */ = {
			isa = XCBuildConfiguration;
			buildSettings = {
				ALWAYS_SEARCH_USER_PATHS = NO;
				CLANG_ANALYZER_NONNULL = YES;
				CLANG_ANALYZER_NUMBER_OBJECT_CONVERSION = YES_AGGRESSIVE;
				CLANG_CXX_LANGUAGE_STANDARD = "gnu++20";
				CLANG_ENABLE_MODULES = YES;
				CLANG_ENABLE_OBJC_ARC = YES;
				CLANG_ENABLE_OBJC_WEAK = YES;
				CLANG_WARN_BLOCK_CAPTURE_AUTORELEASING = YES;
				CLANG_WARN_BOOL_CONVERSION = YES;
				CLANG_WARN_COMMA = YES;
				CLANG_WARN_CONSTANT_CONVERSION = YES;
				CLANG_WARN_DEPRECATED_OBJC_IMPLEMENTATIONS = YES;
				CLANG_WARN_DIRECT_OBJC_ISA_USAGE = YES_ERROR;
				CLANG_WARN_DOCUMENTATION_COMMENTS = YES;
				CLANG_WARN_EMPTY_BODY = YES;
				CLANG_WARN_ENUM_CONVERSION = YES;
				CLANG_WARN_INFINITE_RECURSION = YES;
				CLANG_WARN_INT_CONVERSION = YES;
				CLANG_WARN_NON_LITERAL_NULL_CONVERSION = YES;
				CLANG_WARN_OBJC_IMPLICIT_RETAIN_SELF = YES;
				CLANG_WARN_OBJC_LITERAL_CONVERSION = YES;
				CLANG_WARN_OBJC_ROOT_CLASS = YES_ERROR;
				CLANG_WARN_QUOTED_INCLUDE_IN_FRAMEWORK_HEADER = YES;
				CLANG_WARN_RANGE_LOOP_ANALYSIS = YES;
				CLANG_WARN_STRICT_PROTOTYPES = YES;
				CLANG_WARN_SUSPICIOUS_MOVE = YES;
				CLANG_WARN_UNGUARDED_AVAILABILITY = YES_AGGRESSIVE;
				CLANG_WARN_UNREACHABLE_CODE = YES;
				CLANG_WARN__DUPLICATE_METHOD_MATCH = YES;
				COPY_PHASE_STRIP = NO;
				DEBUG_INFORMATION_FORMAT = dwarf;
				ENABLE_STRICT_OBJC_MSGSEND = YES;
				ENABLE_TESTABILITY = YES;
				GCC_C_LANGUAGE_STANDARD = gnu11;
				GCC_DYNAMIC_NO_PIC = NO;
				GCC_NO_COMMON_BLOCKS = YES;
				GCC_OPTIMIZATION_LEVEL = 0;
				GCC_PREPROCESSOR_DEFINITIONS = (
					"DEBUG=1",
					"$(inherited)",
				);
				GCC_WARN_64_TO_32_BIT_CONVERSION = YES;
				GCC_WARN_ABOUT_RETURN_TYPE = YES_ERROR;
				GCC_WARN_UNDECLARED_SELECTOR = YES;
				GCC_WARN_UNINITIALIZED_AUTOS = YES_AGGRESSIVE;
				GCC_WARN_UNUSED_FUNCTION = YES;
				GCC_WARN_UNUSED_VARIABLE = YES;
				IPHONEOS_DEPLOYMENT_TARGET = 16.4;
				MTL_ENABLE_DEBUG_INFO = INCLUDE_SOURCE;
				MTL_FAST_MATH = YES;
				ONLY_ACTIVE_ARCH = YES;
				SDKROOT = iphoneos;
				SWIFT_ACTIVE_COMPILATION_CONDITIONS = DEBUG;
				SWIFT_OPTIMIZATION_LEVEL = "-Onone";
			};
			name = Debug;
		};
		BB8CD7902A8FDB0C00676A11 /* Release */ = {
			isa = XCBuildConfiguration;
			buildSettings = {
				ALWAYS_SEARCH_USER_PATHS = NO;
				CLANG_ANALYZER_NONNULL = YES;
				CLANG_ANALYZER_NUMBER_OBJECT_CONVERSION = YES_AGGRESSIVE;
				CLANG_CXX_LANGUAGE_STANDARD = "gnu++20";
				CLANG_ENABLE_MODULES = YES;
				CLANG_ENABLE_OBJC_ARC = YES;
				CLANG_ENABLE_OBJC_WEAK = YES;
				CLANG_WARN_BLOCK_CAPTURE_AUTORELEASING = YES;
				CLANG_WARN_BOOL_CONVERSION = YES;
				CLANG_WARN_COMMA = YES;
				CLANG_WARN_CONSTANT_CONVERSION = YES;
				CLANG_WARN_DEPRECATED_OBJC_IMPLEMENTATIONS = YES;
				CLANG_WARN_DIRECT_OBJC_ISA_USAGE = YES_ERROR;
				CLANG_WARN_DOCUMENTATION_COMMENTS = YES;
				CLANG_WARN_EMPTY_BODY = YES;
				CLANG_WARN_ENUM_CONVERSION = YES;
				CLANG_WARN_INFINITE_RECURSION = YES;
				CLANG_WARN_INT_CONVERSION = YES;
				CLANG_WARN_NON_LITERAL_NULL_CONVERSION = YES;
				CLANG_WARN_OBJC_IMPLICIT_RETAIN_SELF = YES;
				CLANG_WARN_OBJC_LITERAL_CONVERSION = YES;
				CLANG_WARN_OBJC_ROOT_CLASS = YES_ERROR;
				CLANG_WARN_QUOTED_INCLUDE_IN_FRAMEWORK_HEADER = YES;
				CLANG_WARN_RANGE_LOOP_ANALYSIS = YES;
				CLANG_WARN_STRICT_PROTOTYPES = YES;
				CLANG_WARN_SUSPICIOUS_MOVE = YES;
				CLANG_WARN_UNGUARDED_AVAILABILITY = YES_AGGRESSIVE;
				CLANG_WARN_UNREACHABLE_CODE = YES;
				CLANG_WARN__DUPLICATE_METHOD_MATCH = YES;
				COPY_PHASE_STRIP = NO;
				DEBUG_INFORMATION_FORMAT = "dwarf-with-dsym";
				ENABLE_NS_ASSERTIONS = NO;
				ENABLE_STRICT_OBJC_MSGSEND = YES;
				GCC_C_LANGUAGE_STANDARD = gnu11;
				GCC_NO_COMMON_BLOCKS = YES;
				GCC_WARN_64_TO_32_BIT_CONVERSION = YES;
				GCC_WARN_ABOUT_RETURN_TYPE = YES_ERROR;
				GCC_WARN_UNDECLARED_SELECTOR = YES;
				GCC_WARN_UNINITIALIZED_AUTOS = YES_AGGRESSIVE;
				GCC_WARN_UNUSED_FUNCTION = YES;
				GCC_WARN_UNUSED_VARIABLE = YES;
				IPHONEOS_DEPLOYMENT_TARGET = 16.4;
				MTL_ENABLE_DEBUG_INFO = NO;
				MTL_FAST_MATH = YES;
				SDKROOT = iphoneos;
				SWIFT_COMPILATION_MODE = wholemodule;
				SWIFT_OPTIMIZATION_LEVEL = "-O";
				VALIDATE_PRODUCT = YES;
			};
			name = Release;
		};
		BB8CD7922A8FDB0C00676A11 /* Debug */ = {
			isa = XCBuildConfiguration;
			buildSettings = {
				ASSETCATALOG_COMPILER_APPICON_NAME = AppIcon;
				ASSETCATALOG_COMPILER_GLOBAL_ACCENT_COLOR_NAME = AccentColor;
				CODE_SIGN_STYLE = Automatic;
				CURRENT_PROJECT_VERSION = 1;
				DEVELOPMENT_TEAM = SF69972TN6;
				GENERATE_INFOPLIST_FILE = YES;
				INFOPLIST_FILE = "Mini CV/Resources/Info.plist";
				INFOPLIST_KEY_UIApplicationSupportsIndirectInputEvents = YES;
				INFOPLIST_KEY_UILaunchStoryboardName = LaunchScreen;
				INFOPLIST_KEY_UISupportedInterfaceOrientations_iPad = "UIInterfaceOrientationPortrait UIInterfaceOrientationPortraitUpsideDown UIInterfaceOrientationLandscapeLeft UIInterfaceOrientationLandscapeRight";
				INFOPLIST_KEY_UISupportedInterfaceOrientations_iPhone = "UIInterfaceOrientationPortrait UIInterfaceOrientationLandscapeLeft UIInterfaceOrientationLandscapeRight";
				LD_RUNPATH_SEARCH_PATHS = (
					"$(inherited)",
					"@executable_path/Frameworks",
				);
				MARKETING_VERSION = 1.0;
				PRODUCT_BUNDLE_IDENTIFIER = "com.smk.Mini-CV";
				PRODUCT_NAME = "$(TARGET_NAME)";
				SWIFT_EMIT_LOC_STRINGS = YES;
				SWIFT_VERSION = 5.0;
				TARGETED_DEVICE_FAMILY = "1,2";
			};
			name = Debug;
		};
		BB8CD7932A8FDB0C00676A11 /* Release */ = {
			isa = XCBuildConfiguration;
			buildSettings = {
				ASSETCATALOG_COMPILER_APPICON_NAME = AppIcon;
				ASSETCATALOG_COMPILER_GLOBAL_ACCENT_COLOR_NAME = AccentColor;
				CODE_SIGN_STYLE = Automatic;
				CURRENT_PROJECT_VERSION = 1;
				DEVELOPMENT_TEAM = SF69972TN6;
				GENERATE_INFOPLIST_FILE = YES;
				INFOPLIST_FILE = "Mini CV/Resources/Info.plist";
				INFOPLIST_KEY_UIApplicationSupportsIndirectInputEvents = YES;
				INFOPLIST_KEY_UILaunchStoryboardName = LaunchScreen;
				INFOPLIST_KEY_UISupportedInterfaceOrientations_iPad = "UIInterfaceOrientationPortrait UIInterfaceOrientationPortraitUpsideDown UIInterfaceOrientationLandscapeLeft UIInterfaceOrientationLandscapeRight";
				INFOPLIST_KEY_UISupportedInterfaceOrientations_iPhone = "UIInterfaceOrientationPortrait UIInterfaceOrientationLandscapeLeft UIInterfaceOrientationLandscapeRight";
				LD_RUNPATH_SEARCH_PATHS = (
					"$(inherited)",
					"@executable_path/Frameworks",
				);
				MARKETING_VERSION = 1.0;
				PRODUCT_BUNDLE_IDENTIFIER = "com.smk.Mini-CV";
				PRODUCT_NAME = "$(TARGET_NAME)";
				SWIFT_EMIT_LOC_STRINGS = YES;
				SWIFT_VERSION = 5.0;
				TARGETED_DEVICE_FAMILY = "1,2";
			};
			name = Release;
		};
		BBBAB2FA2A90009E0077ECAF /* Debug */ = {
			isa = XCBuildConfiguration;
			buildSettings = {
				BUNDLE_LOADER = "$(TEST_HOST)";
				CODE_SIGN_STYLE = Automatic;
				CURRENT_PROJECT_VERSION = 1;
				DEVELOPMENT_TEAM = SF69972TN6;
				GENERATE_INFOPLIST_FILE = YES;
				MARKETING_VERSION = 1.0;
				PRODUCT_BUNDLE_IDENTIFIER = "com.smk.Mini-CV-Tests";
				PRODUCT_NAME = "$(TARGET_NAME)";
				SWIFT_EMIT_LOC_STRINGS = NO;
				SWIFT_VERSION = 5.0;
				TARGETED_DEVICE_FAMILY = "1,2";
				TEST_HOST = "$(BUILT_PRODUCTS_DIR)/Mini CV.app/$(BUNDLE_EXECUTABLE_FOLDER_PATH)/Mini CV";
			};
			name = Debug;
		};
		BBBAB2FB2A90009E0077ECAF /* Release */ = {
			isa = XCBuildConfiguration;
			buildSettings = {
				BUNDLE_LOADER = "$(TEST_HOST)";
				CODE_SIGN_STYLE = Automatic;
				CURRENT_PROJECT_VERSION = 1;
				DEVELOPMENT_TEAM = SF69972TN6;
				GENERATE_INFOPLIST_FILE = YES;
				MARKETING_VERSION = 1.0;
				PRODUCT_BUNDLE_IDENTIFIER = "com.smk.Mini-CV-Tests";
				PRODUCT_NAME = "$(TARGET_NAME)";
				SWIFT_EMIT_LOC_STRINGS = NO;
				SWIFT_VERSION = 5.0;
				TARGETED_DEVICE_FAMILY = "1,2";
				TEST_HOST = "$(BUILT_PRODUCTS_DIR)/Mini CV.app/$(BUNDLE_EXECUTABLE_FOLDER_PATH)/Mini CV";
			};
			name = Release;
		};
/* End XCBuildConfiguration section */

/* Begin XCConfigurationList section */
		BB8CD7782A8FDB0B00676A11 /* Build configuration list for PBXProject "Mini CV" */ = {
			isa = XCConfigurationList;
			buildConfigurations = (
				BB8CD78F2A8FDB0C00676A11 /* Debug */,
				BB8CD7902A8FDB0C00676A11 /* Release */,
			);
			defaultConfigurationIsVisible = 0;
			defaultConfigurationName = Release;
		};
		BB8CD7912A8FDB0C00676A11 /* Build configuration list for PBXNativeTarget "Mini CV" */ = {
			isa = XCConfigurationList;
			buildConfigurations = (
				BB8CD7922A8FDB0C00676A11 /* Debug */,
				BB8CD7932A8FDB0C00676A11 /* Release */,
			);
			defaultConfigurationIsVisible = 0;
			defaultConfigurationName = Release;
		};
		BBBAB2F92A90009E0077ECAF /* Build configuration list for PBXNativeTarget "Mini CV Tests" */ = {
			isa = XCConfigurationList;
			buildConfigurations = (
				BBBAB2FA2A90009E0077ECAF /* Debug */,
				BBBAB2FB2A90009E0077ECAF /* Release */,
			);
			defaultConfigurationIsVisible = 0;
			defaultConfigurationName = Release;
		};
/* End XCConfigurationList section */
	};
	rootObject = BB8CD7752A8FDB0B00676A11 /* Project object */;
}
